
Microsoft Visual Studio Solution File, Format Version 12.00
# Visual Studio Version 17
VisualStudioVersion = 17.8.34525.116
MinimumVisualStudioVersion = 10.0.40219.1
Project("{FAE04EC0-301F-11D3-BF4B-00C04F79EFBC}") = "Sheek_Max_Fullstack", "Sheek_Max_Fullstack\Sheek_Max_Fullstack.csproj", "{3220A29D-2A2A-404D-82A7-983F79E7AB30}"
EndProject
Global
	GlobalSection(SolutionConfigurationPlatforms) = preSolution
		Debug|Any CPU = Debug|Any CPU
		Release|Any CPU = Release|Any CPU
	EndGlobalSection
	GlobalSection(ProjectConfigurationPlatforms) = postSolution
		{3220A29D-2A2A-404D-82A7-983F79E7AB30}.Debug|Any CPU.ActiveCfg = Debug|Any CPU
		{3220A29D-2A2A-404D-82A7-983F79E7AB30}.Debug|Any CPU.Build.0 = Debug|Any CPU
		{3220A29D-2A2A-404D-82A7-983F79E7AB30}.Release|Any CPU.ActiveCfg = Release|Any CPU
		{3220A29D-2A2A-404D-82A7-983F79E7AB30}.Release|Any CPU.Build.0 = Release|Any CPU
	EndGlobalSection
	GlobalSection(SolutionProperties) = preSolution
		HideSolutionNode = FALSE
	EndGlobalSection
	GlobalSection(ExtensibilityGlobals) = postSolution
		SolutionGuid = {782D0E95-EA85-48BE-940C-041248B8BA34}
	EndGlobalSection
EndGlobal
